
Microsoft Visual Studio Solution File, Format Version 12.00
# Visual Studio 15
VisualStudioVersion = 15.0.27130.2027
MinimumVisualStudioVersion = 10.0.40219.1
Project("{8BC9CEB8-8B4A-11D0-8D11-00A0C91BC942}") = "pos", "pos\pos.vcxproj", "{467DF7F7-F0C8-4897-8FC4-A96C4E98A089}"
EndProject
Global
	GlobalSection(SolutionConfigurationPlatforms) = preSolution
		Debug|x64 = Debug|x64
		Debug|x86 = Debug|x86
		Release|x64 = Release|x64
		Release|x86 = Release|x86
	EndGlobalSection
	GlobalSection(ProjectConfigurationPlatforms) = postSolution
		{467DF7F7-F0C8-4897-8FC4-A96C4E98A089}.Debug|x64.ActiveCfg = Debug|x64
		{467DF7F7-F0C8-4897-8FC4-A96C4E98A089}.Debug|x64.Build.0 = Debug|x64
		{467DF7F7-F0C8-4897-8FC4-A96C4E98A089}.Debug|x86.ActiveCfg = Debug|Win32
		{467DF7F7-F0C8-4897-8FC4-A96C4E98A089}.Debug|x86.Build.0 = Debug|Win32
		{467DF7F7-F0C8-4897-8FC4-A96C4E98A089}.Release|x64.ActiveCfg = Release|x64
		{467DF7F7-F0C8-4897-8FC4-A96C4E98A089}.Release|x64.Build.0 = Release|x64
		{467DF7F7-F0C8-4897-8FC4-A96C4E98A089}.Release|x86.ActiveCfg = Release|Win32
		{467DF7F7-F0C8-4897-8FC4-A96C4E98A089}.Release|x86.Build.0 = Release|Win32
	EndGlobalSection
	GlobalSection(SolutionProperties) = preSolution
		HideSolutionNode = FALSE
	EndGlobalSection
	GlobalSection(ExtensibilityGlobals) = postSolution
		SolutionGuid = {F26A0A96-1ACA-458A-9ECA-584E44759085}
	EndGlobalSection
EndGlobal
